PODS:
  - GPUImage (0.1.7)
  - MWPublishKit (0.6.0):
    - SDWebImage
    - ZLPhotoBrowser
  - SDWebImage (4.4.2):
    - SDWebImage/Core (= 4.4.2)
  - SDWebImage/Core (4.4.2)
  - ZLPhotoBrowser (2.7.4):
    - GPUImage
    - SDWebImage

DEPENDENCIES:
  - MWPublishKit (from `MWPublishKit.podspec`)
  - SDWebImage
  - ZLPhotoBrowser

SPEC REPOS:
  https://github.com/cocoapods/specs.git:
    - GPUImage
    - SDWebImage
    - ZLPhotoBrowser

EXTERNAL SOURCES:
  MWPublishKit:
    :path: MWPublishKit.podspec

SPEC CHECKSUMS:
  GPUImage: 733a5f0fab92df9de1c37ba9df520a833ccb406d
  MWPublishKit: 966b9350ff5f318c8a42571f2fb5fa53a8804afa
  SDWebImage: 624d6e296c69b244bcede364c72ae0430ac14681
  ZLPhotoBrowser: b666fe8f68edc63dc5c4edccca071885b87553f5

PODFILE CHECKSUM: 44919e7e5398e27f3f0511d696729c54d7e19c82

COCOAPODS: 1.6.0.beta.2
